// !$*UTF8*$!
{
	archiveVersion = 1;
	classes = {
	};
	objectVersion = 46;
	objects = {

/* Begin PBXBuildFile section */
		56EE9D73248A6B392A476201 /* libPods-server_test.a in Frameworks */ = {isa = PBXBuildFile; fileRef = E5C5E96349FD41588F73E2EE /* libPods-server_test.a */; };
		A5D3782C1CF614BE00D5A4C5 /* main.m in Sources */ = {isa = PBXBuildFile; fileRef = A5D3782B1CF614BE00D5A4C5 /* main.m */; };
		A5D3782F1CF614BE00D5A4C5 /* AppDelegate.m in Sources */ = {isa = PBXBuildFile; fileRef = A5D3782E1CF614BE00D5A4C5 /* AppDelegate.m */; };
		A5D378321CF614BE00D5A4C5 /* ViewController.m in Sources */ = {isa = PBXBuildFile; fileRef = A5D378311CF614BE00D5A4C5 /* ViewController.m */; };
		A5D378351CF614BE00D5A4C5 /* Main.storyboard in Resources */ = {isa = PBXBuildFile; fileRef = A5D378331CF614BE00D5A4C5 /* Main.storyboard */; };
		A5D378371CF614BE00D5A4C5 /* Assets.xcassets in Resources */ = {isa = PBXBuildFile; fileRef = A5D378361CF614BE00D5A4C5 /* Assets.xcassets */; };
		A5D3783A1CF614BE00D5A4C5 /* LaunchScreen.storyboard in Resources */ = {isa = PBXBuildFile; fileRef = A5D378381CF614BE00D5A4C5 /* LaunchScreen.storyboard */; };
		A5D378551CF61DD400D5A4C5 /* NSObject+SBJSON.m in Sources */ = {isa = PBXBuildFile; fileRef = A5D3784A1CF61DD300D5A4C5 /* NSObject+SBJSON.m */; };
		A5D378561CF61DD400D5A4C5 /* NSString+SBJSON.m in Sources */ = {isa = PBXBuildFile; fileRef = A5D3784C1CF61DD300D5A4C5 /* NSString+SBJSON.m */; };
		A5D378571CF61DD400D5A4C5 /* SBJSON.m in Sources */ = {isa = PBXBuildFile; fileRef = A5D3784E1CF61DD300D5A4C5 /* SBJSON.m */; };
		A5D378581CF61DD400D5A4C5 /* SBJsonBase.m in Sources */ = {isa = PBXBuildFile; fileRef = A5D378501CF61DD300D5A4C5 /* SBJsonBase.m */; };
		A5D378591CF61DD400D5A4C5 /* SBJsonParser.m in Sources */ = {isa = PBXBuildFile; fileRef = A5D378521CF61DD300D5A4C5 /* SBJsonParser.m */; };
		A5D3785A1CF61DD400D5A4C5 /* SBJsonWriter.m in Sources */ = {isa = PBXBuildFile; fileRef = A5D378541CF61DD300D5A4C5 /* SBJsonWriter.m */; };
		A5D3785D1CF61EDC00D5A4C5 /* MongoLabSDK.m in Sources */ = {isa = PBXBuildFile; fileRef = A5D3785C1CF61EDC00D5A4C5 /* MongoLabSDK.m */; };
		A5DD88AE1D06C46F007FBDD7 /* aboutimgcontrollerViewController.m in Sources */ = {isa = PBXBuildFile; fileRef = A5DD88AD1D06C46F007FBDD7 /* aboutimgcontrollerViewController.m */; };
		A5DD88B51D08146D007FBDD7 /* getimgViewController.m in Sources */ = {isa = PBXBuildFile; fileRef = A5DD88B41D08146D007FBDD7 /* getimgViewController.m */; };
/* End PBXBuildFile section */

/* Begin PBXFileReference section */
		52AA2EC6DD23216409D575E4 /* Pods-server_test.debug.xcconfig */ = {isa = PBXFileReference; includeInIndex = 1; lastKnownFileType = text.xcconfig; name = "Pods-server_test.debug.xcconfig"; path = "Pods/Target Support Files/Pods-server_test/Pods-server_test.debug.xcconfig"; sourceTree = "<group>"; };
		A5D378271CF614BE00D5A4C5 /* server_test.app */ = {isa = PBXFileReference; explicitFileType = wrapper.application; includeInIndex = 0; path = server_test.app; sourceTree = BUILT_PRODUCTS_DIR; };
		A5D3782B1CF614BE00D5A4C5 /* main.m */ = {isa = PBXFileReference; lastKnownFileType = sourcecode.c.objc; path = main.m; sourceTree = "<group>"; };
		A5D3782D1CF614BE00D5A4C5 /* AppDelegate.h */ = {isa = PBXFileReference; lastKnownFileType = sourcecode.c.h; path = AppDelegate.h; sourceTree = "<group>"; };
		A5D3782E1CF614BE00D5A4C5 /* AppDelegate.m */ = {isa = PBXFileReference; lastKnownFileType = sourcecode.c.objc; path = AppDelegate.m; sourceTree = "<group>"; };
		A5D378301CF614BE00D5A4C5 /* ViewController.h */ = {isa = PBXFileReference; lastKnownFileType = sourcecode.c.h; path = ViewController.h; sourceTree = "<group>"; };
		A5D378311CF614BE00D5A4C5 /* ViewController.m */ = {isa = PBXFileReference; lastKnownFileType = sourcecode.c.objc; path = ViewController.m; sourceTree = "<group>"; };
		A5D378341CF614BE00D5A4C5 /* Base */ = {isa = PBXFileReference; lastKnownFileType = file.storyboard; name = Base; path = Base.lproj/Main.storyboard; sourceTree = "<group>"; };
		A5D378361CF614BE00D5A4C5 /* Assets.xcassets */ = {isa = PBXFileReference; lastKnownFileType = folder.assetcatalog; path = Assets.xcassets; sourceTree = "<group>"; };
		A5D378391CF614BE00D5A4C5 /* Base */ = {isa = PBXFileReference; lastKnownFileType = file.storyboard; name = Base; path = Base.lproj/LaunchScreen.storyboard; sourceTree = "<group>"; };
		A5D3783B1CF614BE00D5A4C5 /* Info.plist */ = {isa = PBXFileReference; lastKnownFileType = text.plist.xml; path = Info.plist; sourceTree = "<group>"; };
		A5D378481CF61DD300D5A4C5 /* JSON.h */ = {isa = PBXFileReference; fileEncoding = 4; lastKnownFileType = sourcecode.c.h; name = JSON.h; path = JSON/JSON.h; sourceTree = SOURCE_ROOT; };
		A5D378491CF61DD300D5A4C5 /* NSObject+SBJSON.h */ = {isa = PBXFileReference; fileEncoding = 4; lastKnownFileType = sourcecode.c.h; name = "NSObject+SBJSON.h"; path = "JSON/NSObject+SBJSON.h"; sourceTree = SOURCE_ROOT; };
		A5D3784A1CF61DD300D5A4C5 /* NSObject+SBJSON.m */ = {isa = PBXFileReference; fileEncoding = 4; lastKnownFileType = sourcecode.c.objc; name = "NSObject+SBJSON.m"; path = "JSON/NSObject+SBJSON.m"; sourceTree = SOURCE_ROOT; };
		A5D3784B1CF61DD300D5A4C5 /* NSString+SBJSON.h */ = {isa = PBXFileReference; fileEncoding = 4; lastKnownFileType = sourcecode.c.h; name = "NSString+SBJSON.h"; path = "JSON/NSString+SBJSON.h"; sourceTree = SOURCE_ROOT; };
		A5D3784C1CF61DD300D5A4C5 /* NSString+SBJSON.m */ = {isa = PBXFileReference; fileEncoding = 4; lastKnownFileType = sourcecode.c.objc; name = "NSString+SBJSON.m"; path = "JSON/NSString+SBJSON.m"; sourceTree = SOURCE_ROOT; };
		A5D3784D1CF61DD300D5A4C5 /* SBJSON.h */ = {isa = PBXFileReference; fileEncoding = 4; lastKnownFileType = sourcecode.c.h; name = SBJSON.h; path = JSON/SBJSON.h; sourceTree = SOURCE_ROOT; };
		A5D3784E1CF61DD300D5A4C5 /* SBJSON.m */ = {isa = PBXFileReference; fileEncoding = 4; lastKnownFileType = sourcecode.c.objc; name = SBJSON.m; path = JSON/SBJSON.m; sourceTree = SOURCE_ROOT; };
		A5D3784F1CF61DD300D5A4C5 /* SBJsonBase.h */ = {isa = PBXFileReference; fileEncoding = 4; lastKnownFileType = sourcecode.c.h; name = SBJsonBase.h; path = JSON/SBJsonBase.h; sourceTree = SOURCE_ROOT; };
		A5D378501CF61DD300D5A4C5 /* SBJsonBase.m */ = {isa = PBXFileReference; fileEncoding = 4; lastKnownFileType = sourcecode.c.objc; name = SBJsonBase.m; path = JSON/SBJsonBase.m; sourceTree = SOURCE_ROOT; };
		A5D378511CF61DD300D5A4C5 /* SBJsonParser.h */ = {isa = PBXFileReference; fileEncoding = 4; lastKnownFileType = sourcecode.c.h; name = SBJsonParser.h; path = JSON/SBJsonParser.h; sourceTree = SOURCE_ROOT; };
		A5D378521CF61DD300D5A4C5 /* SBJsonParser.m */ = {isa = PBXFileReference; fileEncoding = 4; lastKnownFileType = sourcecode.c.objc; name = SBJsonParser.m; path = JSON/SBJsonParser.m; sourceTree = SOURCE_ROOT; };
		A5D378531CF61DD300D5A4C5 /* SBJsonWriter.h */ = {isa = PBXFileReference; fileEncoding = 4; lastKnownFileType = sourcecode.c.h; name = SBJsonWriter.h; path = JSON/SBJsonWriter.h; sourceTree = SOURCE_ROOT; };
		A5D378541CF61DD300D5A4C5 /* SBJsonWriter.m */ = {isa = PBXFileReference; fileEncoding = 4; lastKnownFileType = sourcecode.c.objc; name = SBJsonWriter.m; path = JSON/SBJsonWriter.m; sourceTree = SOURCE_ROOT; };
		A5D3785B1CF61EDC00D5A4C5 /* MongoLabSDK.h */ = {isa = PBXFileReference; fileEncoding = 4; lastKnownFileType = sourcecode.c.h; name = MongoLabSDK.h; path = MongoLabSDK/MongoLabSDK.h; sourceTree = SOURCE_ROOT; };
		A5D3785C1CF61EDC00D5A4C5 /* MongoLabSDK.m */ = {isa = PBXFileReference; fileEncoding = 4; lastKnownFileType = sourcecode.c.objc; name = MongoLabSDK.m; path = MongoLabSDK/MongoLabSDK.m; sourceTree = SOURCE_ROOT; };
		A5DD88AC1D06C46F007FBDD7 /* aboutimgcontrollerViewController.h */ = {isa = PBXFileReference; fileEncoding = 4; lastKnownFileType = sourcecode.c.h; path = aboutimgcontrollerViewController.h; sourceTree = "<group>"; };
		A5DD88AD1D06C46F007FBDD7 /* aboutimgcontrollerViewController.m */ = {isa = PBXFileReference; fileEncoding = 4; lastKnownFileType = sourcecode.c.objc; path = aboutimgcontrollerViewController.m; sourceTree = "<group>"; };
		A5DD88B31D08146D007FBDD7 /* getimgViewController.h */ = {isa = PBXFileReference; fileEncoding = 4; lastKnownFileType = sourcecode.c.h; path = getimgViewController.h; sourceTree = "<group>"; };
		A5DD88B41D08146D007FBDD7 /* getimgViewController.m */ = {isa = PBXFileReference; fileEncoding = 4; lastKnownFileType = sourcecode.c.objc; path = getimgViewController.m; sourceTree = "<group>"; };
		E5C5E96349FD41588F73E2EE /* libPods-server_test.a */ = {isa = PBXFileReference; explicitFileType = archive.ar; includeInIndex = 0; path = "libPods-server_test.a"; sourceTree = BUILT_PRODUCTS_DIR; };
		ECA7E5F7E70514F18812BE3D /* Pods-server_test.release.xcconfig */ = {isa = PBXFileReference; includeInIndex = 1; lastKnownFileType = text.xcconfig; name = "Pods-server_test.release.xcconfig"; path = "Pods/Target Support Files/Pods-server_test/Pods-server_test.release.xcconfig"; sourceTree = "<group>"; };
/* End PBXFileReference section */

/* Begin PBXFrameworksBuildPhase section */
		A5D378241CF614BE00D5A4C5 /* Frameworks */ = {
			isa = PBXFrameworksBuildPhase;
			buildActionMask = 2147483647;
			files = (
				56EE9D73248A6B392A476201 /* libPods-server_test.a in Frameworks */,
			);
			runOnlyForDeploymentPostprocessing = 0;
		};
/* End PBXFrameworksBuildPhase section */

/* Begin PBXGroup section */
		45A09134DBECD524E1D992B5 /* Pods */ = {
			isa = PBXGroup;
			children = (
				52AA2EC6DD23216409D575E4 /* Pods-server_test.debug.xcconfig */,
				ECA7E5F7E70514F18812BE3D /* Pods-server_test.release.xcconfig */,
			);
			name = Pods;
			sourceTree = "<group>";
		};
		A5D3781E1CF614BE00D5A4C5 = {
			isa = PBXGroup;
			children = (
				A5D378291CF614BE00D5A4C5 /* server_test */,
				A5D378281CF614BE00D5A4C5 /* Products */,
				45A09134DBECD524E1D992B5 /* Pods */,
				D23E5E00746C34175E5EB2C6 /* Frameworks */,
			);
			sourceTree = "<group>";
		};
		A5D378281CF614BE00D5A4C5 /* Products */ = {
			isa = PBXGroup;
			children = (
				A5D378271CF614BE00D5A4C5 /* server_test.app */,
			);
			name = Products;
			sourceTree = "<group>";
		};
		A5D378291CF614BE00D5A4C5 /* server_test */ = {
			isa = PBXGroup;
			children = (
				A5DD88AC1D06C46F007FBDD7 /* aboutimgcontrollerViewController.h */,
				A5DD88AD1D06C46F007FBDD7 /* aboutimgcontrollerViewController.m */,
				A5D3785B1CF61EDC00D5A4C5 /* MongoLabSDK.h */,
				A5D3785C1CF61EDC00D5A4C5 /* MongoLabSDK.m */,
				A5D378481CF61DD300D5A4C5 /* JSON.h */,
				A5D378491CF61DD300D5A4C5 /* NSObject+SBJSON.h */,
				A5D3784A1CF61DD300D5A4C5 /* NSObject+SBJSON.m */,
				A5D3784B1CF61DD300D5A4C5 /* NSString+SBJSON.h */,
				A5D3784C1CF61DD300D5A4C5 /* NSString+SBJSON.m */,
				A5D3784D1CF61DD300D5A4C5 /* SBJSON.h */,
				A5D3784E1CF61DD300D5A4C5 /* SBJSON.m */,
				A5D3784F1CF61DD300D5A4C5 /* SBJsonBase.h */,
				A5D378501CF61DD300D5A4C5 /* SBJsonBase.m */,
				A5D378511CF61DD300D5A4C5 /* SBJsonParser.h */,
				A5D378521CF61DD300D5A4C5 /* SBJsonParser.m */,
				A5D378531CF61DD300D5A4C5 /* SBJsonWriter.h */,
				A5D378541CF61DD300D5A4C5 /* SBJsonWriter.m */,
				A5D3782D1CF614BE00D5A4C5 /* AppDelegate.h */,
				A5D3782E1CF614BE00D5A4C5 /* AppDelegate.m */,
				A5D378301CF614BE00D5A4C5 /* ViewController.h */,
				A5D378311CF614BE00D5A4C5 /* ViewController.m */,
				A5D378331CF614BE00D5A4C5 /* Main.storyboard */,
				A5D378361CF614BE00D5A4C5 /* Assets.xcassets */,
				A5D378381CF614BE00D5A4C5 /* LaunchScreen.storyboard */,
				A5D3783B1CF614BE00D5A4C5 /* Info.plist */,
				A5DD88B31D08146D007FBDD7 /* getimgViewController.h */,
				A5DD88B41D08146D007FBDD7 /* getimgViewController.m */,
				A5D3782A1CF614BE00D5A4C5 /* Supporting Files */,
			);
			path = server_test;
			sourceTree = "<group>";
		};
		A5D3782A1CF614BE00D5A4C5 /* Supporting Files */ = {
			isa = PBXGroup;
			children = (
				A5D3782B1CF614BE00D5A4C5 /* main.m */,
			);
			name = "Supporting Files";
			sourceTree = "<group>";
		};
		D23E5E00746C34175E5EB2C6 /* Frameworks */ = {
			isa = PBXGroup;
			children = (
				E5C5E96349FD41588F73E2EE /* libPods-server_test.a */,
			);
			name = Frameworks;
			sourceTree = "<group>";
		};
/* End PBXGroup section */

/* Begin PBXNativeTarget section */
		A5D378261CF614BE00D5A4C5 /* server_test */ = {
			isa = PBXNativeTarget;
			buildConfigurationList = A5D3783E1CF614BE00D5A4C5 /* Build configuration list for PBXNativeTarget "server_test" */;
			buildPhases = (
				6F4C9BCDE75E037859B8EF32 /* 📦 Check Pods Manifest.lock */,
				A5D378231CF614BE00D5A4C5 /* Sources */,
				A5D378241CF614BE00D5A4C5 /* Frameworks */,
				A5D378251CF614BE00D5A4C5 /* Resources */,
				54B01B32A61826C614CEA1E1 /* 📦 Embed Pods Frameworks */,
				388C474E543DC36DEB898D1D /* 📦 Copy Pods Resources */,
			);
			buildRules = (
			);
			dependencies = (
			);
			name = server_test;
			productName = server_test;
			productReference = A5D378271CF614BE00D5A4C5 /* server_test.app */;
			productType = "com.apple.product-type.application";
		};
/* End PBXNativeTarget section */

/* Begin PBXProject section */
		A5D3781F1CF614BE00D5A4C5 /* Project object */ = {
			isa = PBXProject;
			attributes = {
				LastUpgradeCheck = 0730;
				ORGANIZATIONNAME = sfdfsddsdf;
				TargetAttributes = {
					A5D378261CF614BE00D5A4C5 = {
						CreatedOnToolsVersion = 7.3.1;
						DevelopmentTeam = 8R7R6KLM3D;
					};
				};
			};
			buildConfigurationList = A5D378221CF614BE00D5A4C5 /* Build configuration list for PBXProject "server_test" */;
			compatibilityVersion = "Xcode 3.2";
			developmentRegion = English;
			hasScannedForEncodings = 0;
			knownRegions = (
				en,
				Base,
			);
			mainGroup = A5D3781E1CF614BE00D5A4C5;
			productRefGroup = A5D378281CF614BE00D5A4C5 /* Products */;
			projectDirPath = "";
			projectRoot = "";
			targets = (
				A5D378261CF614BE00D5A4C5 /* server_test */,
			);
		};
/* End PBXProject section */

/* Begin PBXResourcesBuildPhase section */
		A5D378251CF614BE00D5A4C5 /* Resources */ = {
			isa = PBXResourcesBuildPhase;
			buildActionMask = 2147483647;
			files = (
				A5D3783A1CF614BE00D5A4C5 /* LaunchScreen.storyboard in Resources */,
				A5D378371CF614BE00D5A4C5 /* Assets.xcassets in Resources */,
				A5D378351CF614BE00D5A4C5 /* Main.storyboard in Resources */,
			);
			runOnlyForDeploymentPostprocessing = 0;
		};
/* End PBXResourcesBuildPhase section */

/* Begin PBXShellScriptBuildPhase section */
		388C474E543DC36DEB898D1D /* 📦 Copy Pods Resources */ = {
			isa = PBXShellScriptBuildPhase;
			buildActionMask = 2147483647;
			files = (
			);
			inputPaths = (
			);
			name = "📦 Copy Pods Resources";
			outputPaths = (
			);
			runOnlyForDeploymentPostprocessing = 0;
			shellPath = /bin/sh;
			shellScript = "\"${SRCROOT}/Pods/Target Support Files/Pods-server_test/Pods-server_test-resources.sh\"\n";
			showEnvVarsInLog = 0;
		};
		54B01B32A61826C614CEA1E1 /* 📦 Embed Pods Frameworks */ = {
			isa = PBXShellScriptBuildPhase;
			buildActionMask = 2147483647;
			files = (
			);
			inputPaths = (
			);
			name = "📦 Embed Pods Frameworks";
			outputPaths = (
			);
			runOnlyForDeploymentPostprocessing = 0;
			shellPath = /bin/sh;
			shellScript = "\"${SRCROOT}/Pods/Target Support Files/Pods-server_test/Pods-server_test-frameworks.sh\"\n";
			showEnvVarsInLog = 0;
		};
		6F4C9BCDE75E037859B8EF32 /* 📦 Check Pods Manifest.lock */ = {
			isa = PBXShellScriptBuildPhase;
			buildActionMask = 2147483647;
			files = (
			);
			inputPaths = (
			);
			name = "📦 Check Pods Manifest.lock";
			outputPaths = (
			);
			runOnlyForDeploymentPostprocessing = 0;
			shellPath = /bin/sh;
			shellScript = "diff \"${PODS_ROOT}/../Podfile.lock\" \"${PODS_ROOT}/Manifest.lock\" > /dev/null\nif [[ $? != 0 ]] ; then\n    cat << EOM\nerror: The sandbox is not in sync with the Podfile.lock. Run 'pod install' or update your CocoaPods installation.\nEOM\n    exit 1\nfi\n";
			showEnvVarsInLog = 0;
		};
/* End PBXShellScriptBuildPhase section */

/* Begin PBXSourcesBuildPhase section */
		A5D378231CF614BE00D5A4C5 /* Sources */ = {
			isa = PBXSourcesBuildPhase;
			buildActionMask = 2147483647;
			files = (
				A5DD88AE1D06C46F007FBDD7 /* aboutimgcontrollerViewController.m in Sources */,
				A5D378551CF61DD400D5A4C5 /* NSObject+SBJSON.m in Sources */,
				A5D3785D1CF61EDC00D5A4C5 /* MongoLabSDK.m in Sources */,
				A5D3785A1CF61DD400D5A4C5 /* SBJsonWriter.m in Sources */,
				A5D378581CF61DD400D5A4C5 /* SBJsonBase.m in Sources */,
				A5DD88B51D08146D007FBDD7 /* getimgViewController.m in Sources */,
				A5D378321CF614BE00D5A4C5 /* ViewController.m in Sources */,
				A5D378571CF61DD400D5A4C5 /* SBJSON.m in Sources */,
				A5D3782F1CF614BE00D5A4C5 /* AppDelegate.m in Sources */,
				A5D378591CF61DD400D5A4C5 /* SBJsonParser.m in Sources */,
				A5D378561CF61DD400D5A4C5 /* NSString+SBJSON.m in Sources */,
				A5D3782C1CF614BE00D5A4C5 /* main.m in Sources */,
			);
			runOnlyForDeploymentPostprocessing = 0;
		};
/* End PBXSourcesBuildPhase section */

/* Begin PBXVariantGroup section */
		A5D378331CF614BE00D5A4C5 /* Main.storyboard */ = {
			isa = PBXVariantGroup;
			children = (
				A5D378341CF614BE00D5A4C5 /* Base */,
			);
			name = Main.storyboard;
			sourceTree = "<group>";
		};
		A5D378381CF614BE00D5A4C5 /* LaunchScreen.storyboard */ = {
			isa = PBXVariantGroup;
			children = (
				A5D378391CF614BE00D5A4C5 /* Base */,
			);
			name = LaunchScreen.storyboard;
			sourceTree = "<group>";
		};
/* End PBXVariantGroup section */

/* Begin XCBuildConfiguration section */
		A5D3783C1CF614BE00D5A4C5 /* Debug */ = {
			isa = XCBuildConfiguration;
			buildSettings = {
				ALWAYS_SEARCH_USER_PATHS = NO;
				CLANG_ANALYZER_NONNULL = YES;
				CLANG_CXX_LANGUAGE_STANDARD = "gnu++0x";
				CLANG_CXX_LIBRARY = "libc++";
				CLANG_ENABLE_MODULES = YES;
				CLANG_ENABLE_OBJC_ARC = YES;
				CLANG_WARN_BOOL_CONVERSION = YES;
				CLANG_WARN_CONSTANT_CONVERSION = YES;
				CLANG_WARN_DIRECT_OBJC_ISA_USAGE = YES_ERROR;
				CLANG_WARN_EMPTY_BODY = YES;
				CLANG_WARN_ENUM_CONVERSION = YES;
				CLANG_WARN_INT_CONVERSION = YES;
				CLANG_WARN_OBJC_ROOT_CLASS = YES_ERROR;
				CLANG_WARN_UNREACHABLE_CODE = YES;
				CLANG_WARN__DUPLICATE_METHOD_MATCH = YES;
				"CODE_SIGN_IDENTITY[sdk=iphoneos*]" = "iPhone Developer";
				COPY_PHASE_STRIP = NO;
				DEBUG_INFORMATION_FORMAT = dwarf;
				ENABLE_STRICT_OBJC_MSGSEND = YES;
				ENABLE_TESTABILITY = YES;
				GCC_C_LANGUAGE_STANDARD = gnu99;
				GCC_DYNAMIC_NO_PIC = NO;
				GCC_NO_COMMON_BLOCKS = YES;
				GCC_OPTIMIZATION_LEVEL = 0;
				GCC_PREPROCESSOR_DEFINITIONS = (
					"DEBUG=1",
					"$(inherited)",
				);
				GCC_WARN_64_TO_32_BIT_CONVERSION = YES;
				GCC_WARN_ABOUT_RETURN_TYPE = YES_ERROR;
				GCC_WARN_UNDECLARED_SELECTOR = YES;
				GCC_WARN_UNINITIALIZED_AUTOS = YES_AGGRESSIVE;
				GCC_WARN_UNUSED_FUNCTION = YES;
				GCC_WARN_UNUSED_VARIABLE = YES;
				IPHONEOS_DEPLOYMENT_TARGET = 9.3;
				MTL_ENABLE_DEBUG_INFO = YES;
				ONLY_ACTIVE_ARCH = YES;
				SDKROOT = iphoneos;
			};
			name = Debug;
		};
		A5D3783D1CF614BE00D5A4C5 /* Release */ = {
			isa = XCBuildConfiguration;
			buildSettings = {
				ALWAYS_SEARCH_USER_PATHS = NO;
				CLANG_ANALYZER_NONNULL = YES;
				CLANG_CXX_LANGUAGE_STANDARD = "gnu++0x";
				CLANG_CXX_LIBRARY = "libc++";
				CLANG_ENABLE_MODULES = YES;
				CLANG_ENABLE_OBJC_ARC = YES;
				CLANG_WARN_BOOL_CONVERSION = YES;
				CLANG_WARN_CONSTANT_CONVERSION = YES;
				CLANG_WARN_DIRECT_OBJC_ISA_USAGE = YES_ERROR;
				CLANG_WARN_EMPTY_BODY = YES;
				CLANG_WARN_ENUM_CONVERSION = YES;
				CLANG_WARN_INT_CONVERSION = YES;
				CLANG_WARN_OBJC_ROOT_CLASS = YES_ERROR;
				CLANG_WARN_UNREACHABLE_CODE = YES;
				CLANG_WARN__DUPLICATE_METHOD_MATCH = YES;
				"CODE_SIGN_IDENTITY[sdk=iphoneos*]" = "iPhone Developer";
				COPY_PHASE_STRIP = NO;
				DEBUG_INFORMATION_FORMAT = "dwarf-with-dsym";
				ENABLE_NS_ASSERTIONS = NO;
				ENABLE_STRICT_OBJC_MSGSEND = YES;
				GCC_C_LANGUAGE_STANDARD = gnu99;
				GCC_NO_COMMON_BLOCKS = YES;
				GCC_WARN_64_TO_32_BIT_CONVERSION = YES;
				GCC_WARN_ABOUT_RETURN_TYPE = YES_ERROR;
				GCC_WARN_UNDECLARED_SELECTOR = YES;
				GCC_WARN_UNINITIALIZED_AUTOS = YES_AGGRESSIVE;
				GCC_WARN_UNUSED_FUNCTION = YES;
				GCC_WARN_UNUSED_VARIABLE = YES;
				IPHONEOS_DEPLOYMENT_TARGET = 9.3;
				MTL_ENABLE_DEBUG_INFO = NO;
				SDKROOT = iphoneos;
				VALIDATE_PRODUCT = YES;
			};
			name = Release;
		};
		A5D3783F1CF614BE00D5A4C5 /* Debug */ = {
			isa = XCBuildConfiguration;
			baseConfigurationReference = 52AA2EC6DD23216409D575E4 /* Pods-server_test.debug.xcconfig */;
			buildSettings = {
				ASSETCATALOG_COMPILER_APPICON_NAME = AppIcon;
				CLANG_ENABLE_OBJC_ARC = NO;
				CODE_SIGN_IDENTITY = "iPhone Developer";
				"CODE_SIGN_IDENTITY[sdk=iphoneos*]" = "iPhone Developer";
				INFOPLIST_FILE = server_test/Info.plist;
				LD_RUNPATH_SEARCH_PATHS = "$(inherited) @executable_path/Frameworks";
				PRODUCT_BUNDLE_IDENTIFIER = "sdfsf.server-test";
				PRODUCT_NAME = "$(TARGET_NAME)";
				PROVISIONING_PROFILE = "";
			};
			name = Debug;
		};
		A5D378401CF614BE00D5A4C5 /* Release */ = {
			isa = XCBuildConfiguration;
			baseConfigurationReference = ECA7E5F7E70514F18812BE3D /* Pods-server_test.release.xcconfig */;
			buildSettings = {
				ASSETCATALOG_COMPILER_APPICON_NAME = AppIcon;
				CLANG_ENABLE_OBJC_ARC = NO;
				CODE_SIGN_IDENTITY = "iPhone Developer";
				"CODE_SIGN_IDENTITY[sdk=iphoneos*]" = "iPhone Developer";
				INFOPLIST_FILE = server_test/Info.plist;
				LD_RUNPATH_SEARCH_PATHS = "$(inherited) @executable_path/Frameworks";
				PRODUCT_BUNDLE_IDENTIFIER = "sdfsf.server-test";
				PRODUCT_NAME = "$(TARGET_NAME)";
				PROVISIONING_PROFILE = "";
			};
			name = Release;
		};
/* End XCBuildConfiguration section */

/* Begin XCConfigurationList section */
		A5D378221CF614BE00D5A4C5 /* Build configuration list for PBXProject "server_test" */ = {
			isa = XCConfigurationList;
			buildConfigurations = (
				A5D3783C1CF614BE00D5A4C5 /* Debug */,
				A5D3783D1CF614BE00D5A4C5 /* Release */,
			);
			defaultConfigurationIsVisible = 0;
			defaultConfigurationName = Release;
		};
		A5D3783E1CF614BE00D5A4C5 /* Build configuration list for PBXNativeTarget "server_test" */ = {
			isa = XCConfigurationList;
			buildConfigurations = (
				A5D3783F1CF614BE00D5A4C5 /* Debug */,
				A5D378401CF614BE00D5A4C5 /* Release */,
			);
			defaultConfigurationIsVisible = 0;
			defaultConfigurationName = Release;
		};
/* End XCConfigurationList section */
	};
	rootObject = A5D3781F1CF614BE00D5A4C5 /* Project object */;
}
